
Microsoft Visual Studio Solution File, Format Version 12.00
# Visual Studio Version 17
VisualStudioVersion = 17.0.31903.59
MinimumVisualStudioVersion = 10.0.40219.1
Project("{FAE04EC0-301F-11D3-BF4B-00C04F79EFBC}") = "TodoProject.Api", "TodoProject.Api\TodoProject.Api.csproj", "{EE4EAB80-98A9-4CDE-96EF-D9E74F7ABCBA}"
EndProject
Project("{FAE04EC0-301F-11D3-BF4B-00C04F79EFBC}") = "TodoProject.Domain", "TodoProject.Domain\TodoProject.Domain.csproj", "{092578C9-6E35-4F81-9C70-95845A0E44D4}"
EndProject
Project("{FAE04EC0-301F-11D3-BF4B-00C04F79EFBC}") = "TodoProject.Application", "TodoProject.Application\TodoProject.Application.csproj", "{F05C8650-5AB6-4FC7-9128-B12AB6E6FE85}"
EndProject
Project("{FAE04EC0-301F-11D3-BF4B-00C04F79EFBC}") = "TodoProject.Infrastructure", "TodoProject.Infrastructure\TodoProject.Infrastructure.csproj", "{FE23E0C6-C682-423D-AEA7-51E031C08B26}"
EndProject
Global
	GlobalSection(SolutionConfigurationPlatforms) = preSolution
		Debug|Any CPU = Debug|Any CPU
		Release|Any CPU = Release|Any CPU
	EndGlobalSection
	GlobalSection(SolutionProperties) = preSolution
		HideSolutionNode = FALSE
	EndGlobalSection
	GlobalSection(ProjectConfigurationPlatforms) = postSolution
		{EE4EAB80-98A9-4CDE-96EF-D9E74F7ABCBA}.Debug|Any CPU.ActiveCfg = Debug|Any CPU
		{EE4EAB80-98A9-4CDE-96EF-D9E74F7ABCBA}.Debug|Any CPU.Build.0 = Debug|Any CPU
		{EE4EAB80-98A9-4CDE-96EF-D9E74F7ABCBA}.Release|Any CPU.ActiveCfg = Release|Any CPU
		{EE4EAB80-98A9-4CDE-96EF-D9E74F7ABCBA}.Release|Any CPU.Build.0 = Release|Any CPU
		{092578C9-6E35-4F81-9C70-95845A0E44D4}.Debug|Any CPU.ActiveCfg = Debug|Any CPU
		{092578C9-6E35-4F81-9C70-95845A0E44D4}.Debug|Any CPU.Build.0 = Debug|Any CPU
		{092578C9-6E35-4F81-9C70-95845A0E44D4}.Release|Any CPU.ActiveCfg = Release|Any CPU
		{092578C9-6E35-4F81-9C70-95845A0E44D4}.Release|Any CPU.Build.0 = Release|Any CPU
		{F05C8650-5AB6-4FC7-9128-B12AB6E6FE85}.Debug|Any CPU.ActiveCfg = Debug|Any CPU
		{F05C8650-5AB6-4FC7-9128-B12AB6E6FE85}.Debug|Any CPU.Build.0 = Debug|Any CPU
		{F05C8650-5AB6-4FC7-9128-B12AB6E6FE85}.Release|Any CPU.ActiveCfg = Release|Any CPU
		{F05C8650-5AB6-4FC7-9128-B12AB6E6FE85}.Release|Any CPU.Build.0 = Release|Any CPU
		{FE23E0C6-C682-423D-AEA7-51E031C08B26}.Debug|Any CPU.ActiveCfg = Debug|Any CPU
		{FE23E0C6-C682-423D-AEA7-51E031C08B26}.Debug|Any CPU.Build.0 = Debug|Any CPU
		{FE23E0C6-C682-423D-AEA7-51E031C08B26}.Release|Any CPU.ActiveCfg = Release|Any CPU
		{FE23E0C6-C682-423D-AEA7-51E031C08B26}.Release|Any CPU.Build.0 = Release|Any CPU
	EndGlobalSection
EndGlobal
